cloud.google.com/go v0.14.0 h1:/Upk+qCM5YjiiOMulYH6cBQ2m8BBA+Cn4m+rV6WNoTw=
cloud.google.com/go v0.14.0/go.mod h1:aQUYkXzVsufM+DwF1aE+0xfcU+56JwCaLick0ClmMTw=
github.com/golang/protobuf v0.0.0-20170920220647-130e6b02ab05 h1:Kesru7U6Mhpf/x7rthxAKnr586VFmoE2NdEvkOKvfjg=
github.com/golang/protobuf v0.0.0-20170920220647-130e6b02ab05/go.mod h1:6lQm79b+lXiMfvg/cZm0SGofjICqVBUtrP5yJMmIC1U=
github.com/googleapis/gax-go v2.0.0+incompatible h1:j0GKcs05QVmm7yesiZq2+9cxHkNK9YM6zKx4D2qucQU=
github.com/googleapis/gax-go v2.0.0+incompatible/go.mod h1:SFVmujtThgffbyetf+mdk2eWhX2bMyUtNHzFKcPA9HY=
github.com/lib/pq v0.0.0-20170922172634-b77235e3890a h1:610gKg7Z982BWzciwdnwL/YOO4gKkV/ikAZM4cXxcg8=
github.com/lib/pq v0.0.0-20170922172634-b77235e3890a/go.mod h1:5WUZQaWbwv1U+lTReE5YruASi9Al49XbQIvNi/34Woo=
golang.org/x/net v0.0.0-20170927055102-0a9397675ba3 h1:tTDpczhDVjW6WN3DinzKcw5juwkDTVn22I7MNlfxSXM=
golang.org/x/net v0.0.0-20170927055102-0a9397675ba3/go.mod h1:mL1N/T3taQHkDXs73rZJwtUhF3w3ftmwwsq0BUmARs4=
golang.org/x/oauth2 v0.0.0-20170928010508-bb50c06baba3 h1:YGx0PRKSN/2n/OcdFycCC0JUA/Ln+i5lPcN8VoNDus0=
golang.org/x/oauth2 v0.0.0-20170928010508-bb50c06baba3/go.mod h1:N/0e6XlmueqKjAGxoOufVs8QHGRruUQn6yWY3a++T0U=
golang.org/x/text v0.0.0-20170915090833-1cbadb444a80 h1:LMxnNSL1jel8frQKy+gjCcwcgLsd3UEDVGg9DD8ryxw=
golang.org/x/text v0.0.0-20170915090833-1cbadb444a80/go.mod h1:NqM8EUOU14njkJ3fqMW+pc6Ldnwhi/IjpwHt7yyuwOQ=
google.golang.org/api v0.0.0-20170929000347-c37f2bf2819e h1:ad/aW1E7Hua5fFcBNVGozMQdKtrTAIHEbWnC8Rq7vYk=
google.golang.org/api v0.0.0-20170929000347-c37f2bf2819e/go.mod h1:4mhQ8q/RsB7i+udVvVy5NUi08OU8ZlA0gRVgrF7VFY0=
google.golang.org/appengine v1.0.0/go.mod h1:EbEs0AVv82hx2wNQdGPgUI5lhzA/G0D9YwlJXL52JkM=
google.golang.org/genproto v0.0.0-20170918111702-1e559d0a00ee h1:kgfN7j3GYevqPqse0VojTFu/nJjf/Sv9T0TwRC5Vw08=
google.golang.org/genproto v0.0.0-20170918111702-1e559d0a00ee/go.mod h1:JiN7NxoALGmiZfu7CAH4rXhgtRTLTxftemlI0sWmxmc=
google.golang.org/grpc v1.6.0 h1:vaySXtNtPrLJFCiET8QXtfBrqq16ynklmFGaZwLcd1M=
google.golang.org/grpc v1.6.0/go.mod h1:yo6s7OP7yaDglbqo1J04qKzAhqBH6lvTonzMVmEdcZw=
